{
  "version": "2",
  "remote": {
    "https://cdn.deno.land/mimetypes/versions/v1.0.0/raw/mod.ts": "abd1ea614b32cfa7fd50b46f6e070617696664698b8a34935dc807f3035ad408",
    "https://cdn.deno.land/mimetypes/versions/v1.0.0/raw/src/mime.ts": "7cd7590eae6127dc1abfe710900fc749e94d5c715ffe8a148e59fe20ee21a9a5",
    "https://cdn.deno.land/url_parse/versions/1.0.0/raw/mod.ts": "f27f0d045343a4aff05c7560e285aa3f42e23096bfe0211dc549345f9a5feb94",
    "https://cdn.skypack.dev/-/dayjs@v1.10.7-Fs0gULP3uteC7O0DDOOk/dist=es2019,mode=imports/optimized/dayjs.js": "7f0fb2ce3a41bdc182cad09db2a5f9ea04ea39bc6d42ad422d8e06a12328fee7",
    "https://cdn.skypack.dev/-/dayjs@v1.10.7-Fs0gULP3uteC7O0DDOOk/dist=es2019,mode=imports/unoptimized/plugin/customParseFormat.js": "32de2c275c6e159bb53b73b8f1b47747bb8d8947c394e14f216a0ca6e7fbc860",
    "https://cdn.skypack.dev/-/dayjs@v1.10.7-Fs0gULP3uteC7O0DDOOk/dist=es2019,mode=types/index.d.ts": "3fbd18a93e08b35fc9083d4a3c121c51433dda45312b2f27940f07f2bf35a99c",
    "https://cdn.skypack.dev/-/dayjs@v1.10.7-Fs0gULP3uteC7O0DDOOk/dist=es2019,mode=types/locale/index.d.ts": "d05d8c67116dceafc62e691c47ac89f8f10cf7313cd1b2fb4fe801c2bf1bb1a7",
    "https://cdn.skypack.dev/-/dayjs@v1.10.7-Fs0gULP3uteC7O0DDOOk/dist=es2019,mode=types/locale/types.d.ts": "73a0ee6395819b063df4b148211985f2e1442945c1a057204cf4cf6281760dc3",
    "https://cdn.skypack.dev/-/dayjs@v1.10.7-Fs0gULP3uteC7O0DDOOk/dist=es2019,mode=types/plugin/customParseFormat.d.ts": "4ccc126c9031c05008b04b9d757af0533f7a7210be1910b4ee8003cdcfee3dcf",
    "https://cdn.skypack.dev/dayjs@1.10.7/plugin/customParseFormat?dts": "6394abb8416354d6dcea8ae466f58f5744158c287a37895293a84d8b9ab33870",
    "https://cdn.skypack.dev/dayjs@1.10.7?dts": "2d93bc8fb23d8e0972a820d7ba3186fc83ff931db31ce730fdf33beaaa1d41ff",
    "https://deno.land/std@0.126.0/_util/assert.ts": "6396c1bd0361c4939e7f32f9b03efffcd04b640a1b206ed67058553d6cb59cc4",
    "https://deno.land/std@0.126.0/_util/os.ts": "49b92edea1e82ba295ec946de8ffd956ed123e2948d9bd1d3e901b04e4307617",
    "https://deno.land/std@0.126.0/async/deferred.ts": "677692a2399d4cabbc45e06abe4f585afd6196c59e24a98edb866598af9f0eef",
    "https://deno.land/std@0.126.0/bytes/bytes_list.ts": "cfe63225fc153a1ae8f18c1d68d979e131906487664719d92771642b6587b11c",
    "https://deno.land/std@0.126.0/bytes/equals.ts": "6f38a72d4a75a1232fe984e5fb362b962c2e9bec6385f4ca13252e1ca53dba00",
    "https://deno.land/std@0.126.0/bytes/mod.ts": "ed5c42feb746c3709d186787346004f97301dc076b33434653e451efd8efcf6a",
    "https://deno.land/std@0.126.0/io/buffer.ts": "09e3111ebf8f354afcc6cdf9697f21167e8289f57bf753650f68b231f4782187",
    "https://deno.land/std@0.126.0/io/types.d.ts": "01f60ae7ec02675b5dbed150d258fc184a78dfe5c209ef53ba4422b46b58822c",
    "https://deno.land/std@0.126.0/path/_constants.ts": "df1db3ffa6dd6d1252cc9617e5d72165cd2483df90e93833e13580687b6083c3",
    "https://deno.land/std@0.126.0/path/_interface.ts": "ee3b431a336b80cf445441109d089b70d87d5e248f4f90ff906820889ecf8d09",
    "https://deno.land/std@0.126.0/path/_util.ts": "c1e9686d0164e29f7d880b2158971d805b6e0efc3110d0b3e24e4b8af2190d2b",
    "https://deno.land/std@0.126.0/path/common.ts": "bee563630abd2d97f99d83c96c2fa0cca7cee103e8cb4e7699ec4d5db7bd2633",
    "https://deno.land/std@0.126.0/path/glob.ts": "cb5255638de1048973c3e69e420c77dc04f75755524cb3b2e160fe9277d939ee",
    "https://deno.land/std@0.126.0/path/mod.ts": "4275129bb766f0e475ecc5246aa35689eeade419d72a48355203f31802640be7",
    "https://deno.land/std@0.126.0/path/posix.ts": "663e4a6fe30a145f56aa41a22d95114c4c5582d8b57d2d7c9ed27ad2c47636bb",
    "https://deno.land/std@0.126.0/path/separator.ts": "fe1816cb765a8068afb3e8f13ad272351c85cbc739af56dacfc7d93d710fe0f9",
    "https://deno.land/std@0.126.0/path/win32.ts": "e7bdf63e8d9982b4d8a01ef5689425c93310ece950e517476e22af10f41a136e",
    "https://deno.land/std@0.126.0/streams/conversion.ts": "fec481215c9c376047e7cc4251933c37f00708b2a582ee39b320c6e0a7e1e379",
    "https://deno.land/std@0.126.0/streams/delimiter.ts": "4b27d090a97798e27d86b715e94b6575c9274c94018ecec0ab7b9252f9485f0f",
    "https://deno.land/std@0.126.0/streams/merge.ts": "89faf7dcda7e010f1e01dfc555d609c66d9fb2c834b7aa457a63cc70a25c3817",
    "https://deno.land/std@0.126.0/streams/mod.ts": "1fc9053a554a53c8545c104c238d60ac01f91b6282346423b3a8355ae710d049",
    "https://deno.land/std@0.127.0/_util/assert.ts": "6396c1bd0361c4939e7f32f9b03efffcd04b640a1b206ed67058553d6cb59cc4",
    "https://deno.land/std@0.127.0/_util/os.ts": "49b92edea1e82ba295ec946de8ffd956ed123e2948d9bd1d3e901b04e4307617",
    "https://deno.land/std@0.127.0/path/_constants.ts": "df1db3ffa6dd6d1252cc9617e5d72165cd2483df90e93833e13580687b6083c3",
    "https://deno.land/std@0.127.0/path/_interface.ts": "ee3b431a336b80cf445441109d089b70d87d5e248f4f90ff906820889ecf8d09",
    "https://deno.land/std@0.127.0/path/_util.ts": "c1e9686d0164e29f7d880b2158971d805b6e0efc3110d0b3e24e4b8af2190d2b",
    "https://deno.land/std@0.127.0/path/common.ts": "bee563630abd2d97f99d83c96c2fa0cca7cee103e8cb4e7699ec4d5db7bd2633",
    "https://deno.land/std@0.127.0/path/glob.ts": "cb5255638de1048973c3e69e420c77dc04f75755524cb3b2e160fe9277d939ee",
    "https://deno.land/std@0.127.0/path/mod.ts": "4275129bb766f0e475ecc5246aa35689eeade419d72a48355203f31802640be7",
    "https://deno.land/std@0.127.0/path/posix.ts": "663e4a6fe30a145f56aa41a22d95114c4c5582d8b57d2d7c9ed27ad2c47636bb",
    "https://deno.land/std@0.127.0/path/separator.ts": "fe1816cb765a8068afb3e8f13ad272351c85cbc739af56dacfc7d93d710fe0f9",
    "https://deno.land/std@0.127.0/path/win32.ts": "e7bdf63e8d9982b4d8a01ef5689425c93310ece950e517476e22af10f41a136e",
    "https://deno.land/std@0.153.0/bytes/equals.ts": "3c3558c3ae85526f84510aa2b48ab2ad7bdd899e2e0f5b7a8ffc85acb3a6043a",
    "https://deno.land/std@0.153.0/bytes/mod.ts": "763f97d33051cc3f28af1a688dfe2830841192a9fea0cbaa55f927b49d49d0bf",
    "https://deno.land/std@0.153.0/encoding/base64.ts": "c57868ca7fa2fbe919f57f88a623ad34e3d970d675bdc1ff3a9d02bba7409db2",
    "https://deno.land/std@0.153.0/encoding/base64url.ts": "a5f82a9fa703bd85a5eb8e7c1296bc6529e601ebd9642cc2b5eaa6b38fa9e05a",
    "https://deno.land/std@0.153.0/node/_buffer.d.ts": "90f674081428a61978b6d481c5f557ff743a3f4a85d7ae113caab48fdf5b8a63",
    "https://deno.land/std@0.153.0/node/_buffer.mjs": "4e3e6b0f0613300340705a99a1998c655ba22bf08644c49df21f4aaa44e951d0",
    "https://deno.land/std@0.153.0/node/buffer.ts": "0e4e409bc03754e99c3e9fbdd10ff50834fd5d6e8654f70efeff054afde58821",
    "https://deno.land/std@0.153.0/node/internal/buffer.mjs": "6662fe7fe517329453545be34cea27a24f8ccd6d09afd4f609f11ade2b6dfca7",
    "https://deno.land/std@0.153.0/node/internal/crypto/_keys.ts": "7f993ece8c8e94a292944518cf4173521c6bf01785e75be014cd45a9cc2e4ad5",
    "https://deno.land/std@0.153.0/node/internal/crypto/constants.ts": "d2c8821977aef55e4d66414d623c24a2447791a8b49b6404b8db32d81e20c315",
    "https://deno.land/std@0.153.0/node/internal/error_codes.ts": "ac03c4eae33de3a69d6c98e8678003207eecf75a6900eb847e3fea3c8c9e6d8f",
    "https://deno.land/std@0.153.0/node/internal/hide_stack_frames.ts": "a91962ec84610bc7ec86022c4593cdf688156a5910c07b5bcd71994225c13a03",
    "https://deno.land/std@0.153.0/node/internal/normalize_encoding.mjs": "3779ec8a7adf5d963b0224f9b85d1bc974a2ec2db0e858396b5d3c2c92138a0a",
    "https://deno.land/std@0.153.0/node/internal/util.mjs": "98b26aa4eb6ca70fe6c140eb296759cea54fe1b46a87a91288073dbc88d46eb0",
    "https://deno.land/std@0.153.0/node/internal/util/types.ts": "de6e2b7f9b9985ab881b1e78f05ae51d1fc829ae1584063df21e57b35312f3c4",
    "https://deno.land/std@0.153.0/node/internal/validators.mjs": "a7e82eafb7deb85c332d5f8d9ffef052f46a42d4a121eada4a54232451acc49a",
    "https://deno.land/std@0.153.0/node/internal_binding/_node.ts": "e4075ba8a37aef4eb5b592c8e3807c39cb49ca8653faf8e01a43421938076c1b",
    "https://deno.land/std@0.153.0/node/internal_binding/_utils.ts": "1c50883b5751a9ea1b38951e62ed63bacfdc9d69ea665292edfa28e1b1c5bd94",
    "https://deno.land/std@0.153.0/node/internal_binding/buffer.ts": "781e1d13adc924864e6e37ecb5152e8a4e994cf394695136e451c47f00bda76c",
    "https://deno.land/std@0.153.0/node/internal_binding/string_decoder.ts": "5cb1863763d1e9b458bc21d6f976f16d9c18b3b3f57eaf0ade120aee38fba227",
    "https://deno.land/std@0.153.0/node/internal_binding/types.ts": "4c26fb74ba2e45de553c15014c916df6789529a93171e450d5afb016b4c765e7",
    "https://deno.land/std@0.92.0/_util/assert.ts": "2f868145a042a11d5ad0a3c748dcf580add8a0dbc0e876eaa0026303a5488f58",
    "https://deno.land/std@0.92.0/_util/os.ts": "e282950a0eaa96760c0cf11e7463e66babd15ec9157d4c9ed49cc0925686f6a7",
    "https://deno.land/std@0.92.0/bytes/mod.ts": "1ae1ccfe98c4b979f12b015982c7444f81fcb921bea7aa215bf37d84f46e1e13",
    "https://deno.land/std@0.92.0/encoding/csv.ts": "e01be5287e7aa9c6ff0caf9acf1bc19b8040ef539bfad9089cc366a94e64780d",
    "https://deno.land/std@0.92.0/encoding/csv_stringify.ts": "f9fe4889f1b2987c8640b4695d2d8836a978d034708ca90a850d3ec6b800d9ba",
    "https://deno.land/std@0.92.0/fs/_util.ts": "f2ce811350236ea8c28450ed822a5f42a0892316515b1cd61321dec13569c56b",
    "https://deno.land/std@0.92.0/fs/copy.ts": "acc21e2569c92e715be48f40665a299cb995a4dce04145c3dd624791b885114c",
    "https://deno.land/std@0.92.0/fs/empty_dir.ts": "2edd70ff6405e1893e781a82aec8c574dfc748a7bb9d9ce8f0abdf002cdbba3f",
    "https://deno.land/std@0.92.0/fs/ensure_dir.ts": "f21262e788a707aaa2dd22064da7cd40e3b2f0f067e9b2aed1b288091170cc05",
    "https://deno.land/std@0.92.0/fs/ensure_file.ts": "84c7cff81ecedef3969e3fcd2d0c2aecd9bafea246cd18847deba7a54126134f",
    "https://deno.land/std@0.92.0/fs/ensure_link.ts": "e48abe5bf639389ee6f42bb8bdd8b7b2a4c93701cd618b12cdcad83ccea44f2e",
    "https://deno.land/std@0.92.0/fs/ensure_symlink.ts": "cbb2c908135808c0545c6304046b6ab5c024b0bb1832e69c819b58d9feee66ef",
    "https://deno.land/std@0.92.0/fs/eol.ts": "afaebaaac36f48c423b920c836551997715672b80a0fee9aa7667c181a94f2df",
    "https://deno.land/std@0.92.0/fs/exists.ts": "b0d2e31654819cc2a8d37df45d6b14686c0cc1d802e9ff09e902a63e98b85a00",
    "https://deno.land/std@0.92.0/fs/expand_glob.ts": "b5a8fcadf40eb7b034a1f807349cbace0ddb28c4e5a6b6aaf2d8ca925ba02f9f",
    "https://deno.land/std@0.92.0/fs/mod.ts": "26eee4b52a8c516e37d464094b080ff6822883e7f01ff0ba0a72b8dcd54b9927",
    "https://deno.land/std@0.92.0/fs/move.ts": "36697916a5cf2ebc7d298089a9a3ccc6b3af1eaecc173e57a9f5eb10f1f04221",
    "https://deno.land/std@0.92.0/fs/walk.ts": "8d37f2164a7397668842a7cb5d53b9e7bcd216462623b1b96abe519f76d7f8b9",
    "https://deno.land/std@0.92.0/io/buffer.ts": "2a92f02c1d8daaebaf13e5678ea5969c89f4fab533f687b9e7e86f49f11c3118",
    "https://deno.land/std@0.92.0/io/bufio.ts": "4053ea5d978479be68ae4d73424045a59c6b7a6e8f66727e4bfde516baa07126",
    "https://deno.land/std@0.92.0/io/readers.ts": "17403919724fef2f343c88555606368868a5c752a1099ad801f6a381c170f62d",
    "https://deno.land/std@0.92.0/io/util.ts": "03ca10e063afce551c501505c607ec336a40b9cb72363f5508e2a9ac81096bbf",
    "https://deno.land/std@0.92.0/path/_constants.ts": "1247fee4a79b70c89f23499691ef169b41b6ccf01887a0abd131009c5581b853",
    "https://deno.land/std@0.92.0/path/_interface.ts": "1fa73b02aaa24867e481a48492b44f2598cd9dfa513c7b34001437007d3642e4",
    "https://deno.land/std@0.92.0/path/_util.ts": "2e06a3b9e79beaf62687196bd4b60a4c391d862cfa007a20fc3a39f778ba073b",
    "https://deno.land/std@0.92.0/path/common.ts": "eaf03d08b569e8a87e674e4e265e099f237472b6fd135b3cbeae5827035ea14a",
    "https://deno.land/std@0.92.0/path/glob.ts": "4a524c1c9da3e79a9fdabdc6e850cd9e41bdf31e442856ffa19c5b123268ca95",
    "https://deno.land/std@0.92.0/path/mod.ts": "4465dc494f271b02569edbb4a18d727063b5dbd6ed84283ff906260970a15d12",
    "https://deno.land/std@0.92.0/path/posix.ts": "f56c3c99feb47f30a40ce9d252ef6f00296fa7c0fcb6dd81211bdb3b8b99ca3b",
    "https://deno.land/std@0.92.0/path/separator.ts": "8fdcf289b1b76fd726a508f57d3370ca029ae6976fcde5044007f062e643ff1c",
    "https://deno.land/std@0.92.0/path/win32.ts": "77f7b3604e0de40f3a7c698e8a79e7f601dc187035a1c21cb1e596666ce112f8",
    "https://deno.land/std@0.92.0/textproto/mod.ts": "1c89b39a079dd158893ab2e9ff79391c66049433d6ca82da7d64b32280570d51",
    "https://deno.land/x/flat@0.0.15/mod.ts": "02f929b6f2b5caab86dc689eb2937565189432b6b6f22bcd8c05b26c80c7f645",
    "https://deno.land/x/flat@0.0.15/src/csv.ts": "7b14709fd91a1e0d9153e6ea183df686ca5a6c9b79da317d15cb3efd50fffd9c",
    "https://deno.land/x/flat@0.0.15/src/image.ts": "fab91c85f7c63bdd03a0d0ab64e9aaecc20e3213b3781b67f237eb7a9ab7303c",
    "https://deno.land/x/flat@0.0.15/src/json.ts": "34ad4b9c89e70955da0e76fcb525f75262175da03815e0887faa19a6fc64ee65",
    "https://deno.land/x/flat@0.0.15/src/remove.ts": "8340e9c9566200db969c6efa76430400060d78aa28f35e585c511d2eb5a9768a",
    "https://deno.land/x/flat@0.0.15/src/txt.ts": "cece94e45879ead929131cdaeac023192ef9089ec76a81b7e057a10df3ea7511",
    "https://deno.land/x/flat@0.0.15/src/xlsx.ts": "166776a70109789becffb1d77f88ec85d2ce115759ff0fc578dbfa66db5faf4a",
    "https://deno.land/x/flat@0.0.15/src/zip.ts": "5b8e27106c08751889d627fbbea71bd99f802472c4e9fe9cd9f88dcee9752bd8",
    "https://deno.land/x/sheetjs@v0.18.3/dist/cpexcel.full.mjs": "7a7bba23b6b6f23b5c69fbb631f78d1d455f74b57e4aa54e9a2f81a8ab844964",
    "https://deno.land/x/sheetjs@v0.18.3/types/index.d.ts": "c146e03d4e5427a43ffa7ea7f7e40dbce2b936580e24c884eaada77ca4c4c5ed",
    "https://deno.land/x/sheetjs@v0.18.3/xlsx.mjs": "922b8ca90825111d3af3a19098613d53ac4721ac58d05c0ac25fbdf9def2472f",
    "https://deno.land/x/url_join@1.0.0/mod.ts": "d3c7007e3ab15594e54d5b90dce623b3e274a726e0cdf57858e7ecab77a0166c",
    "https://esm.sh/cheerio@1.0.0-rc.10": "80ff1b272be0b709850665d7f80f73f2c0cb02b716472fbeb365b1fc2a5c3e56",
    "https://esm.sh/v96/boolbase@1.0.0/deno/boolbase.js": "c2de9c6051e43e825cebf96303dccc8c84d84db898ee48f19cb64a52df887f31",
    "https://esm.sh/v96/cheerio-select@1.6.0/deno/cheerio-select.js": "e8f61e39dc3d74f7898addc3a80ddf7e8e4b96a571ee0833cc54f055fdb188da",
    "https://esm.sh/v96/cheerio@1.0.0-rc.10/deno/cheerio.js": "306af004c5ebce1dabe77efba9f2dbd310cae60a2d902e3b1732021e3a74204a",
    "https://esm.sh/v96/cheerio@1.0.0-rc.10/lib/api/attributes.d.ts": "c376ee4d73cbae6ab7f41d4c5a8bfa7a87b34844cc9737e7649a128e04fd4322",
    "https://esm.sh/v96/cheerio@1.0.0-rc.10/lib/api/css.d.ts": "f83363dc8dc54a0e584354bad0c1eef7fca20b12ea9d0486fb99e304c0b30b87",
    "https://esm.sh/v96/cheerio@1.0.0-rc.10/lib/api/forms.d.ts": "036845b1680f9a4f2a5b9bd17499d6d16575f814c0817ddc1a90eca8338b573b",
    "https://esm.sh/v96/cheerio@1.0.0-rc.10/lib/api/manipulation.d.ts": "466ad02fd29509c7b93e753ae0f7732f5f77c20703ff0e76889d1adf852fcc55",
    "https://esm.sh/v96/cheerio@1.0.0-rc.10/lib/api/traversing.d.ts": "a42168fc490ce3afdfb5ba7f6dda031121916c2a35228e96d2ea9615be3ecab7",
    "https://esm.sh/v96/cheerio@1.0.0-rc.10/lib/cheerio.d.ts": "acd3fd9aed6b128237a995f308b9e3600bb45c78ca1e06dcaa2506c87bc12a50",
    "https://esm.sh/v96/cheerio@1.0.0-rc.10/lib/index.d.ts": "8e68b9e7389108a2a4eb11b17837584845df38c5f24c5159016b1e7a15aa7ea8",
    "https://esm.sh/v96/cheerio@1.0.0-rc.10/lib/load.d.ts": "b68be0109ecbd7fed1d50862308841c8151de8dc1faae1837b76be4cabd17414",
    "https://esm.sh/v96/cheerio@1.0.0-rc.10/lib/options.d.ts": "a16e412f6a11cbcf1b28abcc6c299ee10d17f62ce557adc265bff7bb8b592893",
    "https://esm.sh/v96/cheerio@1.0.0-rc.10/lib/static.d.ts": "96f3f997525563695783e542294886881984a1bee7cece452b1270551070390c",
    "https://esm.sh/v96/cheerio@1.0.0-rc.10/lib/types.d.ts": "8c8408199248302080258a5461da91a19a9a2f43833c4c2b3a44f597c3963826",
    "https://esm.sh/v96/css-select@4.3.0/deno/css-select.js": "cade0cdd335dbe12f00e00facffd0e2037da60b96eafc9deda3c76e73fc7e613",
    "https://esm.sh/v96/css-what@6.1.0/deno/css-what.js": "b748f3252b086c97e0acf4dcb786fd65e786d9c269e095a6454bbc9cd64bcfe3",
    "https://esm.sh/v96/dom-serializer@1.4.1/deno/dom-serializer.js": "573d41a685343503d50e42aea91aa928a16af65717c05d90b76396895030a7cb",
    "https://esm.sh/v96/dom-serializer@1.4.1/lib/index.d.ts": "4996177f80ac14e173b64d2db10663e5ed9a09a8321b3f2e13a63119cb393629",
    "https://esm.sh/v96/domelementtype@2.3.0/deno/domelementtype.js": "2bbc5ada9929825ac019e137ffdb26fcf04e3eaccaf0e8d6786cd1b8bb8b8f63",
    "https://esm.sh/v96/domelementtype@2.3.0/lib/index.d.ts": "e307d69c2e131e39db6038b4bd51916c6cd787e01d730ad0c28c60491d0accf2",
    "https://esm.sh/v96/domhandler@4.3.1/deno/domhandler.js": "55ac263821b140a24714a7359960441b0a41f7dcea8b221aeb943024559d22c5",
    "https://esm.sh/v96/domhandler@4.3.1/lib/index.d.ts": "3195b6c30cd2b0796fa66ee67798f152525520345fc7592f1d3ea5fe1dddfc03",
    "https://esm.sh/v96/domhandler@4.3.1/lib/node.d.ts": "349895fd4234894ba969096e609cb65c15857b4b935c74ef8dc9431dcef836bf",
    "https://esm.sh/v96/domutils@2.8.0/deno/domutils.js": "6689bcdc7c86890453fcaef2d6e1901d9ae82bbe8b95c440c066be860a734c4e",
    "https://esm.sh/v96/domutils@2.8.0/lib/feeds.d.ts": "36fc892ac451aa2b9e6b39a38450570ebbd1c7b71e5cd49e5e2fbc8b466031cf",
    "https://esm.sh/v96/domutils@2.8.0/lib/helpers.d.ts": "9406ed2ad17bae82b86f79f2b262234f416ed22346dab9978eb11952ae1da23e",
    "https://esm.sh/v96/domutils@2.8.0/lib/index.d.ts": "6ede467a3cbe90374a668a35b53f040386baf02a45fa04236bcf4444f718f50f",
    "https://esm.sh/v96/domutils@2.8.0/lib/legacy.d.ts": "90bd2407258e9f14bd4a1a4023119b68be74905dea85ca339e2802aedc1812a1",
    "https://esm.sh/v96/domutils@2.8.0/lib/manipulation.d.ts": "158724b5078b426541a76c5b404829ec843cb190ee10db0a9f603a4db4cd9438",
    "https://esm.sh/v96/domutils@2.8.0/lib/querying.d.ts": "0077c113cd3c2e53c77aeee68e77adb3b70f1078d658ec50e60db773a30a92cf",
    "https://esm.sh/v96/domutils@2.8.0/lib/stringify.d.ts": "11751dd88bedca8725194cf7035a106b678caa9aa89156ee2073440ac3bc7a6d",
    "https://esm.sh/v96/domutils@2.8.0/lib/traversal.d.ts": "25ae5a454e6f6dcec2d86baff9475d2f254dc749aab1efb1dbf9b6bbbf3d8387",
    "https://esm.sh/v96/entities@2.2.0/deno/entities.js": "b0dc118f36dbe97389918ed4c225ac3dcf64fc9aff658ceab5ce7763a672d551",
    "https://esm.sh/v96/entities@2.2.0/deno/lib/decode_codepoint.js": "7860980262efd7db5478cd797c0df7dbfa2e0203983c823bb513941de4ee315f",
    "https://esm.sh/v96/entities@2.2.0/deno/lib/maps/decode.json.js": "113c8224b88c14815eb319f63b1b6cbf5e2055172fc50cdca82f604977f238f1",
    "https://esm.sh/v96/entities@2.2.0/deno/lib/maps/entities.json.js": "57ea9863c3ff3a0f8016f2b1e27e0a710f51ecd59a98610e375e716c998e0703",
    "https://esm.sh/v96/entities@2.2.0/deno/lib/maps/legacy.json.js": "c158a60b11521df62558565d4c884edf796836ae03f14a555591474acb0cd637",
    "https://esm.sh/v96/entities@2.2.0/deno/lib/maps/xml.json.js": "8fa74d23befb011d835a678a18408cc5dfa4dc07905bc1303d3963b4cdd090af",
    "https://esm.sh/v96/htmlparser2@6.1.0/deno/htmlparser2.js": "60dfec965e969ce2bf09e11de70f5a5c00a20fb4dabfe50f4624b0ffa49543b1",
    "https://esm.sh/v96/htmlparser2@6.1.0/lib/FeedHandler.d.ts": "54a9c5d92744e974ef6b84136740e8dc96a485c36c2004e190d75b6451996d5e",
    "https://esm.sh/v96/htmlparser2@6.1.0/lib/Parser.d.ts": "26daa558b99b92a1b25067f249c414baed7f0eb30754835d826c9663e04a351c",
    "https://esm.sh/v96/htmlparser2@6.1.0/lib/Tokenizer.d.ts": "df60c5f6ceb604bfcf7d777753d94e806d5fb4e1263286b1a21775215a66527f",
    "https://esm.sh/v96/htmlparser2@6.1.0/lib/index.d.ts": "334000841640c3f50059c0bd2cf52020e2858ddb015d205e6fde25bbc310c0fc",
    "https://esm.sh/v96/node.ns.d.ts": "0fb081f0cd2150931bd54baa04f31466abd9ca701fd9060d07931402cf8367ba",
    "https://esm.sh/v96/nth-check@2.1.1/deno/nth-check.js": "833e7ffafe43bdcb303074414eebbb45868f68c387c9ddc337e281453fca7f44",
    "https://esm.sh/v96/parse5-htmlparser2-tree-adapter@6.0.1/deno/parse5-htmlparser2-tree-adapter.js": "a46a9b05f5db88166b94f4017d6fe3b96576ae1f2869f0f18eb5431363c19823",
    "https://esm.sh/v96/parse5@6.0.1/deno/lib/common/doctype.js": "ce32ef77fd592bee55c5c8570ef6a008d6858c59a6894adf42cfb400b97492b3",
    "https://esm.sh/v96/parse5@6.0.1/deno/lib/common/html.js": "9bd40c29fc2f4eb073713f458055116480b79c5e3fcbf15c93208837b08499f3",
    "https://esm.sh/v96/parse5@6.0.1/deno/parse5.js": "3d7a6b84fb2ce1c49dd11cf05a9a261ba0f21ebe7a8d863b72daca9c8c2214a4",
    "https://esm.sh/v96/tslib@2.4.0/deno/tslib.js": "3b7f896dbf08c4a2726993468661230e073e48ac23a80ef8bb921452e7f3f893"
  }
}
